
Microsoft Visual Studio Solution File, Format Version 12.00
# Visual Studio Version 16
VisualStudioVersion = 16.0.30621.155
MinimumVisualStudioVersion = 10.0.40219.1
Project("{FAE04EC0-301F-11D3-BF4B-00C04F79EFBC}") = "TestPostcode", "TestPostcode\TestPostcode.csproj", "{F861D0FF-548C-4B7E-912A-4BD3D7505F75}"
EndProject
Global
	GlobalSection(SolutionConfigurationPlatforms) = preSolution
		Debug|Any CPU = Debug|Any CPU
		Release|Any CPU = Release|Any CPU
	EndGlobalSection
	GlobalSection(ProjectConfigurationPlatforms) = postSolution
		{F861D0FF-548C-4B7E-912A-4BD3D7505F75}.Debug|Any CPU.ActiveCfg = Debug|Any CPU
		{F861D0FF-548C-4B7E-912A-4BD3D7505F75}.Debug|Any CPU.Build.0 = Debug|Any CPU
		{F861D0FF-548C-4B7E-912A-4BD3D7505F75}.Release|Any CPU.ActiveCfg = Release|Any CPU
		{F861D0FF-548C-4B7E-912A-4BD3D7505F75}.Release|Any CPU.Build.0 = Release|Any CPU
	EndGlobalSection
	GlobalSection(SolutionProperties) = preSolution
		HideSolutionNode = FALSE
	EndGlobalSection
	GlobalSection(ExtensibilityGlobals) = postSolution
		SolutionGuid = {58781630-5303-47C9-8316-F641CAD7EA7E}
	EndGlobalSection
EndGlobal
